
Microsoft Visual Studio Solution File, Format Version 12.00
# Visual Studio 15
VisualStudioVersion = 15.0.27428.2005
MinimumVisualStudioVersion = 10.0.40219.1
Project("{FAE04EC0-301F-11D3-BF4B-00C04F79EFBC}") = "UserManagement.Web", "UserManagement\UserManagement.Web.csproj", "{6A950202-A2D4-4737-A2D8-0B9925FD0623}"
EndProject
Project("{FAE04EC0-301F-11D3-BF4B-00C04F79EFBC}") = "UserManagement.Data", "UserManagement.Data\UserManagement.Data.csproj", "{E933C257-4C20-4D43-A418-09ABD3B5357C}"
EndProject
Project("{FAE04EC0-301F-11D3-BF4B-00C04F79EFBC}") = "UserManagement.Domain", "UserManagement.Domain\UserManagement.Domain.csproj", "{9EDC6127-22EF-40BB-848B-9F1B03021656}"
EndProject
Project("{FAE04EC0-301F-11D3-BF4B-00C04F79EFBC}") = "UserManagement.Services", "UserManagement.Services\UserManagement.Services.csproj", "{D40FC2BA-F49E-4766-8FDA-5EB95F6A5E3C}"
EndProject
Project("{FAE04EC0-301F-11D3-BF4B-00C04F79EFBC}") = "UserManagement.API", "UserManagement.API\UserManagement.API.csproj", "{CCECB430-C15C-4BFE-8E64-53B60CE2E4F1}"
EndProject
Global
	GlobalSection(SolutionConfigurationPlatforms) = preSolution
		Debug|Any CPU = Debug|Any CPU
		Release|Any CPU = Release|Any CPU
	EndGlobalSection
	GlobalSection(ProjectConfigurationPlatforms) = postSolution
		{6A950202-A2D4-4737-A2D8-0B9925FD0623}.Debug|Any CPU.ActiveCfg = Debug|Any CPU
		{6A950202-A2D4-4737-A2D8-0B9925FD0623}.Debug|Any CPU.Build.0 = Debug|Any CPU
		{6A950202-A2D4-4737-A2D8-0B9925FD0623}.Release|Any CPU.ActiveCfg = Release|Any CPU
		{6A950202-A2D4-4737-A2D8-0B9925FD0623}.Release|Any CPU.Build.0 = Release|Any CPU
		{E933C257-4C20-4D43-A418-09ABD3B5357C}.Debug|Any CPU.ActiveCfg = Debug|Any CPU
		{E933C257-4C20-4D43-A418-09ABD3B5357C}.Debug|Any CPU.Build.0 = Debug|Any CPU
		{E933C257-4C20-4D43-A418-09ABD3B5357C}.Release|Any CPU.ActiveCfg = Release|Any CPU
		{E933C257-4C20-4D43-A418-09ABD3B5357C}.Release|Any CPU.Build.0 = Release|Any CPU
		{9EDC6127-22EF-40BB-848B-9F1B03021656}.Debug|Any CPU.ActiveCfg = Debug|Any CPU
		{9EDC6127-22EF-40BB-848B-9F1B03021656}.Debug|Any CPU.Build.0 = Debug|Any CPU
		{9EDC6127-22EF-40BB-848B-9F1B03021656}.Release|Any CPU.ActiveCfg = Release|Any CPU
		{9EDC6127-22EF-40BB-848B-9F1B03021656}.Release|Any CPU.Build.0 = Release|Any CPU
		{D40FC2BA-F49E-4766-8FDA-5EB95F6A5E3C}.Debug|Any CPU.ActiveCfg = Debug|Any CPU
		{D40FC2BA-F49E-4766-8FDA-5EB95F6A5E3C}.Debug|Any CPU.Build.0 = Debug|Any CPU
		{D40FC2BA-F49E-4766-8FDA-5EB95F6A5E3C}.Release|Any CPU.ActiveCfg = Release|Any CPU
		{D40FC2BA-F49E-4766-8FDA-5EB95F6A5E3C}.Release|Any CPU.Build.0 = Release|Any CPU
		{CCECB430-C15C-4BFE-8E64-53B60CE2E4F1}.Debug|Any CPU.ActiveCfg = Debug|Any CPU
		{CCECB430-C15C-4BFE-8E64-53B60CE2E4F1}.Debug|Any CPU.Build.0 = Debug|Any CPU
		{CCECB430-C15C-4BFE-8E64-53B60CE2E4F1}.Release|Any CPU.ActiveCfg = Release|Any CPU
		{CCECB430-C15C-4BFE-8E64-53B60CE2E4F1}.Release|Any CPU.Build.0 = Release|Any CPU
	EndGlobalSection
	GlobalSection(SolutionProperties) = preSolution
		HideSolutionNode = FALSE
	EndGlobalSection
	GlobalSection(ExtensibilityGlobals) = postSolution
		EnterpriseLibraryConfigurationToolBinariesPath = packages\Unity.2.1.505.2\lib\NET35
		SolutionGuid = {D540F7AF-46DA-4271-B41F-CBE2E12C33C4}
	EndGlobalSection
EndGlobal
